
Microsoft Visual Studio Solution File, Format Version 12.00
# Visual Studio Version 16
VisualStudioVersion = 16.0.30011.22
MinimumVisualStudioVersion = 10.0.40219.1
Project("{FAE04EC0-301F-11D3-BF4B-00C04F79EFBC}") = "SqlAlertBot2", "SqlAlertBot2\SqlAlertBot2.csproj", "{5E6A1F11-6BDF-45BC-B54E-C9C4AF9C572E}"
EndProject
Global
	GlobalSection(SolutionConfigurationPlatforms) = preSolution
		Debug|Any CPU = Debug|Any CPU
		Release|Any CPU = Release|Any CPU
	EndGlobalSection
	GlobalSection(ProjectConfigurationPlatforms) = postSolution
		{5E6A1F11-6BDF-45BC-B54E-C9C4AF9C572E}.Debug|Any CPU.ActiveCfg = Debug|Any CPU
		{5E6A1F11-6BDF-45BC-B54E-C9C4AF9C572E}.Debug|Any CPU.Build.0 = Debug|Any CPU
		{5E6A1F11-6BDF-45BC-B54E-C9C4AF9C572E}.Release|Any CPU.ActiveCfg = Release|Any CPU
		{5E6A1F11-6BDF-45BC-B54E-C9C4AF9C572E}.Release|Any CPU.Build.0 = Release|Any CPU
	EndGlobalSection
	GlobalSection(SolutionProperties) = preSolution
		HideSolutionNode = FALSE
	EndGlobalSection
	GlobalSection(ExtensibilityGlobals) = postSolution
		SolutionGuid = {3D5A44A4-C932-4614-99B4-76BA3982E33E}
	EndGlobalSection
EndGlobal
